[[package]]
name = "altgraph"
version = "0.17.2"
description = "Python graph (network) package"
category = "main"
optional = false
python-versions = "*"

[[package]]
name = "appdirs"
version = "1.4.4"
description = "A small Python module for determining appropriate platform-specific dirs, e.g. a \"user data dir\"."
category = "main"
optional = false
python-versions = "*"

[[package]]
name = "bsdiff4"
version = "1.2.2"
description = "binary diff and patch using the BSDIFF4-format"
category = "main"
optional = false
python-versions = "*"

[[package]]
name = "certifi"
version = "2021.10.8"
description = "Python package for providing Mozilla's CA Bundle."
category = "main"
optional = false
python-versions = "*"

[[package]]
name = "cffi"
version = "1.15.0"
description = "Foreign Function Interface for Python calling C code."
category = "main"
optional = false
python-versions = "*"

[package.dependencies]
pycparser = "*"

[[package]]
name = "chardet"
version = "4.0.0"
description = "Universal encoding detector for Python 2 and 3"
category = "main"
optional = false
python-versions = ">=2.7, !=3.0.*, !=3.1.*, !=3.2.*, !=3.3.*, !=3.4.*"

[[package]]
name = "deprecated"
version = "1.2.13"
description = "Python @deprecated decorator to deprecate old python classes, functions or methods."
category = "main"
optional = false
python-versions = ">=2.7, !=3.0.*, !=3.1.*, !=3.2.*, !=3.3.*"

[package.dependencies]
wrapt = ">=1.10,<2"

[package.extras]
dev = ["tox", "bump2version (<1)", "sphinx (<2)", "importlib-metadata (<3)", "importlib-resources (<4)", "configparser (<5)", "sphinxcontrib-websupport (<2)", "zipp (<2)", "PyTest (<5)", "PyTest-Cov (<2.6)", "pytest", "pytest-cov"]

[[package]]
name = "dis3"
version = "0.1.3"
description = "Python 2.7 backport of the \"dis\" module from Python 3.5+"
category = "main"
optional = false
python-versions = "*"

[[package]]
name = "dsdev-utils"
version = "1.3.0"
description = "Various utility functions"
category = "main"
optional = false
python-versions = "*"

[package.dependencies]
chardet = "*"
deprecated = "*"
packaging = "*"

[package.extras]
flask = ["flask"]

[[package]]
name = "importlib-metadata"
version = "4.8.3"
description = "Read metadata from Python packages"
category = "main"
optional = false
python-versions = ">=3.6"

[package.dependencies]
typing-extensions = {version = ">=3.6.4", markers = "python_version < \"3.8\""}
zipp = ">=0.5"

[package.extras]
docs = ["sphinx", "jaraco.packaging (>=8.2)", "rst.linker (>=1.9)"]
testing = ["pytest (>=6)", "pytest-checkdocs (>=2.4)", "pytest-flake8", "pytest-cov", "pytest-enabler (>=1.0.1)", "packaging", "pep517", "pyfakefs", "flufl.flake8", "pytest-perf (>=0.9.2)", "pytest-black (>=0.3.7)", "pytest-mypy", "importlib-resources (>=1.3)"]
perf = ["ipython"]

[[package]]
name = "macholib"
version = "1.15.2"
description = "Mach-O header analysis and editing"
category = "dev"
optional = false
python-versions = "*"

[package.dependencies]
altgraph = ">=0.15"

[[package]]
name = "packaging"
version = "21.3"
description = "Core utilities for Python packages"
category = "main"
optional = false
python-versions = ">=3.6"

[package.dependencies]
pyparsing = ">=2.0.2,<3.0.5 || >3.0.5"

[[package]]
name = "pastel"
version = "0.2.1"
description = "Bring colors to your terminal."
category = "dev"
optional = false
python-versions = ">=2.7, !=3.0.*, !=3.1.*, !=3.2.*, !=3.3.*"

[[package]]
name = "pbr"
version = "5.8.1"
description = "Python Build Reasonableness"
category = "main"
optional = false
python-versions = ">=2.6"

[[package]]
name = "poethepoet"
version = "0.10.0"
description = "A task runner that works well with poetry."
category = "dev"
optional = false
python-versions = ">=3.6,<4.0"

[package.dependencies]
pastel = ">=0.2.0,<0.3.0"
tomlkit = ">=0.6.0,<1.0.0"

[[package]]
name = "pycparser"
version = "2.21"
description = "C parser in Python"
category = "main"
optional = false
python-versions = ">=2.7, !=3.0.*, !=3.1.*, !=3.2.*, !=3.3.*"

[[package]]
name = "pyinstaller"
version = "3.6"
description = "PyInstaller bundles a Python application and all its dependencies into a single package."
category = "main"
optional = false
python-versions = ">=2.7, !=3.0.*, !=3.1.*, !=3.2.*, !=3.3.*, !=3.4.*"

[package.dependencies]
altgraph = "*"
dis3 = "*"

[[package]]
name = "pynacl"
version = "1.5.0"
description = "Python binding to the Networking and Cryptography (NaCl) library"
category = "main"
optional = false
python-versions = ">=3.6"

[package.dependencies]
cffi = ">=1.4.1"

[package.extras]
docs = ["sphinx (>=1.6.5)", "sphinx-rtd-theme"]
tests = ["pytest (>=3.2.1,!=3.3.0)", "hypothesis (>=3.27.0)"]

[[package]]
name = "pyparsing"
version = "3.0.7"
description = "Python parsing module"
category = "main"
optional = false
python-versions = ">=3.6"

[package.extras]
diagrams = ["jinja2", "railroad-diagrams"]

[[package]]
name = "pyupdater"
version = "4.0"
description = "Python Auto Update Library for Pyinstaller"
category = "main"
optional = false
python-versions = "*"

[package.dependencies]
appdirs = ">=1.4.3"
bsdiff4 = "*"
certifi = ">=2019.3.9"
dsdev-utils = ">=1.0.4"
pyinstaller = ">=3.0"
pynacl = ">=1.4.0"
stevedore = ">=1.30.1,<4.0"
urllib3 = ">=1.24.1,<2.0"

[package.extras]
s3 = ["PyUpdater-s3-Plugin (>=4.0.5)"]
all = ["PyUpdater-s3-Plugin (>=4.0.5)", "PyUpdater-scp-Plugin (>=4.0)"]
scp = ["PyUpdater-scp-Plugin (>=4.0)"]

[[package]]
name = "stevedore"
version = "3.5.0"
description = "Manage dynamic plugins for Python applications"
category = "main"
optional = false
python-versions = ">=3.6"

[package.dependencies]
importlib-metadata = {version = ">=1.7.0", markers = "python_version < \"3.8\""}
pbr = ">=2.0.0,<2.1.0 || >2.1.0"

[[package]]
name = "tomlkit"
version = "0.10.0"
description = "Style preserving TOML library"
category = "dev"
optional = false
python-versions = ">=3.6,<4.0"

[[package]]
name = "typing-extensions"
version = "4.1.1"
description = "Backported and Experimental Type Hints for Python 3.6+"
category = "main"
optional = false
python-versions = ">=3.6"

[[package]]
name = "urllib3"
version = "1.26.8"
description = "HTTP library with thread-safe connection pooling, file post, and more."
category = "main"
optional = false
python-versions = ">=2.7, !=3.0.*, !=3.1.*, !=3.2.*, !=3.3.*, !=3.4.*, <4"

[package.extras]
brotli = ["brotlipy (>=0.6.0)"]
secure = ["pyOpenSSL (>=0.14)", "cryptography (>=1.3.4)", "idna (>=2.0.0)", "certifi", "ipaddress"]
socks = ["PySocks (>=1.5.6,!=1.5.7,<2.0)"]

[[package]]
name = "wrapt"
version = "1.14.0"
description = "Module for decorators, wrappers and monkey patching."
category = "main"
optional = false
python-versions = "!=3.0.*,!=3.1.*,!=3.2.*,!=3.3.*,!=3.4.*,>=2.7"

[[package]]
name = "zipp"
version = "3.6.0"
description = "Backport of pathlib-compatible object wrapper for zip files"
category = "main"
optional = false
python-versions = ">=3.6"

[package.extras]
docs = ["sphinx", "jaraco.packaging (>=8.2)", "rst.linker (>=1.9)"]
testing = ["pytest (>=4.6)", "pytest-checkdocs (>=2.4)", "pytest-flake8", "pytest-cov", "pytest-enabler (>=1.0.1)", "jaraco.itertools", "func-timeout", "pytest-black (>=0.3.7)", "pytest-mypy"]

[metadata]
lock-version = "1.1"
python-versions = "^3.6"
content-hash = "4781c528698932c7a89a5b4fbd355addbbb3187b21582cf2d75e004b31f6a3a8"

[metadata.files]
altgraph = [
    {file = "altgraph-0.17.2-py2.py3-none-any.whl", hash = "sha256:743628f2ac6a7c26f5d9223c91ed8ecbba535f506f4b6f558885a8a56a105857"},
    {file = "altgraph-0.17.2.tar.gz", hash = "sha256:ebf2269361b47d97b3b88e696439f6e4cbc607c17c51feb1754f90fb79839158"},
]
appdirs = [
    {file = "appdirs-1.4.4-py2.py3-none-any.whl", hash = "sha256:a841dacd6b99318a741b166adb07e19ee71a274450e68237b4650ca1055ab128"},
    {file = "appdirs-1.4.4.tar.gz", hash = "sha256:7d5d0167b2b1ba821647616af46a749d1c653740dd0d2415100fe26e27afdf41"},
]
bsdiff4 = [
    {file = "bsdiff4-1.2.2-cp310-cp310-macosx_10_9_universal2.whl", hash = "sha256:2b4c4c7d442fd2ba72af1258c25ed161066536bc936387a85c29b54377d18a54"},
    {file = "bsdiff4-1.2.2-cp310-cp310-macosx_10_9_x86_64.whl", hash = "sha256:14b51cdbb3b5e642a3a0e04ecc8baa5159fbc87c750e89dfd49c6a3b9e209ba8"},
    {file = "bsdiff4-1.2.2-cp310-cp310-macosx_11_0_arm64.whl", hash = "sha256:24a0b6cd7bdc95b2ec1a6843eac08f81448939df728642c9b8d0687c87aab13d"},
    {file = "bsdiff4-1.2.2-cp310-cp310-manylinux_2_17_aarch64.manylinux2014_aarch64.whl", hash = "sha256:b7a13bb8d88a2bd9edeccabf965b9142401caa4cb42c4214d8398f9a2d313eaa"},
    {file = "bsdiff4-1.2.2-cp310-cp310-manylinux_2_17_ppc64le.manylinux2014_ppc64le.whl", hash = "sha256:8696735e696ed8c8dafeae99239562e702256f328650d8c58f52504647b87ab5"},
    {file = "bsdiff4-1.2.2-cp310-cp310-manylinux_2_17_s390x.manylinux2014_s390x.whl", hash = "sha256:cd56ca313c6d1081b7dfff906cbb6282caa31de14373f92f0bf5f31a6ca62855"},
    {file = "bsdiff4-1.2.2-cp310-cp310-manylinux_2_17_x86_64.manylinux2014_x86_64.whl", hash = "sha256:13fa74cdef04ad7a8564d3e39018fa5d18fc5f37d99eb3f93373277c182008b2"},
    {file = "bsdiff4-1.2.2-cp310-cp310-manylinux_2_5_i686.manylinux1_i686.manylinux_2_17_i686.manylinux2014_i686.whl", hash = "sha256:8dcd55235bfbb5897c53d8dac555cd52f3deea3ff292adc5d64f260d96dff57a"},
    {file = "bsdiff4-1.2.2-cp310-cp310-musllinux_1_1_aarch64.whl", hash = "sha256:c23d637e17ef67bc8ca303481e48f6e2da71e7d94a3db51d3262b393b6428065"},
    {file = "bsdiff4-1.2.2-cp310-cp310-musllinux_1_1_i686.whl", hash = "sha256:adf2d0c9d3233b8b705542e0c66cf81eff6fdfdd03304d9c76fb770fac9f4a79"},
    {file = "bsdiff4-1.2.2-cp310-cp310-musllinux_1_1_ppc64le.whl", hash = "sha256:233ac8fcf10ea932ae94ae0b685682c626d968bf9666f26a3fd26f582fc5dbd5"},
    {file = "bsdiff4-1.2.2-cp310-cp310-musllinux_1_1_s390x.whl", hash = "sha256:f3855f7d338c2d72b14e2757f61d8dcd277585b500dd920541f92616ae061bf5"},
    {file = "bsdiff4-1.2.2-cp310-cp310-musllinux_1_1_x86_64.whl", hash = "sha256:f2146d20338a420999874daa6d698d6effebfc3f4c3f1add7af6acf22b8f2a63"},
    {file = "bsdiff4-1.2.2-cp310-cp310-win32.whl", hash = "sha256:fa7974dc33408df2b824177fd08619a787eed8473ebcb8aede3c3e05aa25e5bc"},
    {file = "bsdiff4-1.2.2-cp310-cp310-win_amd64.whl", hash = "sha256:ffed529fcb937b9667186263c1b3dcc76f22fc348bb7d6311a650a04dccebfef"},
    {file = "bsdiff4-1.2.2-cp36-cp36m-macosx_10_9_x86_64.whl", hash = "sha256:236313d5fa73abe38fc8b16c1fa407fd40be9ac48833d58c3676dea37dc7674d"},
    {file = "bsdiff4-1.2.2-cp36-cp36m-manylinux_2_17_aarch64.manylinux2014_aarch64.whl", hash = "sha256:4d00ccd66cde4c7f8ab0ec8981cba7639c7225b45940dc2d362bbde20f87218e"},
    {file = "bsdiff4-1.2.2-cp36-cp36m-manylinux_2_17_ppc64le.manylinux2014_ppc64le.whl", hash = "sha256:14062326edb4a8b4e6c1d58bfbf886608d56fa41368f7603078d7fb481e0a6c9"},
    {file = "bsdiff4-1.2.2-cp36-cp36m-manylinux_2_17_s390x.manylinux2014_s390x.whl", hash = "sha256:6adb8836c8e156b21511583d22b3e000d804bb64388f259d7e04320d8aa9a65a"},
    {file = "bsdiff4-1.2.2-cp36-cp36m-manylinux_2_17_x86_64.manylinux2014_x86_64.whl", hash = "sha256:f15a7264fc390c1d3d7817ad1c7d956c7c762d3aa2084be31b749ea7d46a9540"},
    {file = "bsdiff4-1.2.2-cp36-cp36m-manylinux_2_5_i686.manylinux1_i686.manylinux_2_17_i686.manylinux2014_i686.whl", hash = "sha256:a118c4fadf4601176c506cfca5716cc8d4bc331a71d6ed2175fc20982e9d1f27"},
    {file = "bsdiff4-1.2.2-cp36-cp36m-musllinux_1_1_aarch64.whl", hash = "sha256:2e26ba7c671b9518caa4ea4ca6924390b597afc3fd46d80eec16ea6d6237722e"},
    {file = "bsdiff4-1.2.2-cp36-cp36m-musllinux_1_1_i686.whl", hash = "sha256:ba0f6f4e7c0b2a6380f914ecd245e9495eacf204c70d21d0c68fafc01105f848"},
    {file = "bsdiff4-1.2.2-cp36-cp36m-musllinux_1_1_ppc64le.whl", hash = "sha256:09d70a6178c3e1b0d7bf278196951c6dc3d505038534c755c164bf455121c16b"},
    {file = "bsdiff4-1.2.2-cp36-cp36m-musllinux_1_1_s390x.whl", hash = "sha256:96a86a67ee50e2dfab8f228260434ede08de93afcf0292cdfda915c3071f9900"},
    {file = "bsdiff4-1.2.2-cp36-cp36m-musllinux_1_1_x86_64.whl", hash = "sha256:6eac9cc7e72674f6d5cd5c7d29fe6ce0e95b4aa7ab0bae6908e22a70b34c9281"},
    {file = "bsdiff4-1.2.2-cp36-cp36m-win32.whl", hash = "sha256:c5d2ba5b2638a83214d8a8e323eb5db92621e4f942d33ef57345b35c584b8ccb"},
    {file = "bsdiff4-1.2.2-cp36-cp36m-win_amd64.whl", hash = "sha256:2b1f93a47589f87b04a669139aad8a7d951ee0877891b567cd395d7cc0e4e15a"},
    {file = "bsdiff4-1.2.2-cp37-cp37m-macosx_10_9_x86_64.whl", hash = "sha256:589603847b3bf618991252347f40fde6f6ca29dd7aebb355386bc58e69dddafa"},
    {file = "bsdiff4-1.2.2-cp37-cp37m-manylinux_2_17_aarch64.manylinux2014_aarch64.whl", hash = "sha256:1e5ab508fefeff235f2d8fc94bf45576e66a894ffb628d00d9eebe0a501be76e"},
    {file = "bsdiff4-1.2.2-cp37-cp37m-manylinux_2_17_ppc64le.manylinux2014_ppc64le.whl", hash = "sha256:41905e8027eab253f96dec265a8fc0af10457fe05933b4f2289a392cf7cfc2dc"},
    {file = "bsdiff4-1.2.2-cp37-cp37m-manylinux_2_17_s390x.manylinux2014_s390x.whl", hash = "sha256:5b1a9d297820d0db2136e46941d2b8b9f2faf4c52fef97caa188c2364b09226f"},
    {file = "bsdiff4-1.2.2-cp37-cp37m-manylinux_2_17_x86_64.manylinux2014_x86_64.whl", hash = "sha256:8d4ea878bea30b4e1da10f3f10cd72a63a076a9cf7d4a0a3909a762227be91c2"},
    {file = "bsdiff4-1.2.2-cp37-cp37m-manylinux_2_5_i686.manylinux1_i686.manylinux_2_17_i686.manylinux2014_i686.whl", hash = "sha256:5ffd01449d52af0cdc9ac37640ad1a390a687cb38ecc6cf5db80c34822962fa5"},
    {file = "bsdiff4-1.2.2-cp37-cp37m-musllinux_1_1_aarch64.whl", hash = "sha256:7642a0b5d8d9e2cc058f7b65f2d658e62994a9bda8e71a908a775a9b325e0b82"},
    {file = "bsdiff4-1.2.2-cp37-cp37m-musllinux_1_1_i686.whl", hash = "sha256:0c4eae1fec14c61a44021670668359ead10c4c70a8bcee62e731209671ca811c"},
    {file = "bsdiff4-1.2.2-cp37-cp37m-musllinux_1_1_ppc64le.whl", hash = "sha256:89ede6897fcfc23f923f0c7954f4d08e0abecfa30ff3698162b6a17a6f159aac"},
    {file = "bsdiff4-1.2.2-cp37-cp37m-musllinux_1_1_s390x.whl", hash = "sha256:627501c1932cc230ef87cde2cdb7fa95a7af4c30c8b222d334aef3d459063bcd"},
    {file = "bsdiff4-1.2.2-cp37-cp37m-musllinux_1_1_x86_64.whl", hash = "sha256:fc9daec4f7a78ef9e150760884b62206abb632a24c1d2a7623b0d0b158173a2a"},
    {file = "bsdiff4-1.2.2-cp37-cp37m-win32.whl", hash = "sha256:2108371d7246d06ce29406991cb77645cc4475383b5a029f821442002519cdb1"},
    {file = "bsdiff4-1.2.2-cp37-cp37m-win_amd64.whl", hash = "sha256:b708d249efbf41cf386d8c3d49695c9417f8f8b4c4cca1dd308a93dcb19edd4f"},
    {file = "bsdiff4-1.2.2-cp38-cp38-macosx_10_9_universal2.whl", hash = "sha256:db97dafdf46756b2a6b360fce79fe79f4254a99074f40f63ec76899a08408a9a"},
    {file = "bsdiff4-1.2.2-cp38-cp38-macosx_10_9_x86_64.whl", hash = "sha256:6af7a958fae93d164d5f72b4fef01e9b1caae0cdf01600c6070e35acc27c8a19"},
    {file = "bsdiff4-1.2.2-cp38-cp38-macosx_11_0_arm64.whl", hash = "sha256:da72bf6aaaa11cf740ab118981b5521e50940639288f011ddf778d6557338189"},
    {file = "bsdiff4-1.2.2-cp38-cp38-manylinux_2_17_aarch64.manylinux2014_aarch64.whl", hash = "sha256:d2236a17809885fc20893d76c9ee5b2deedd2ca6e59aa3f9a1cb10e167bf16c4"},
    {file = "bsdiff4-1.2.2-cp38-cp38-manylinux_2_17_ppc64le.manylinux2014_ppc64le.whl", hash = "sha256:5d4b5ae6d8b6834c1e11875e092bc44f803c640f8ceca83b5d2f30b2d8a5adbb"},
    {file = "bsdiff4-1.2.2-cp38-cp38-manylinux_2_17_s390x.manylinux2014_s390x.whl", hash = "sha256:b863eafc16667beea6c294c95d37a1c55f1cdc5106b9188169db0f574210d5c4"},
    {file = "bsdiff4-1.2.2-cp38-cp38-manylinux_2_17_x86_64.manylinux2014_x86_64.whl", hash = "sha256:3fb1d523b8a02e925256ade131d2ab2f5c60be6039f537e9318310d38eccda89"},
    {file = "bsdiff4-1.2.2-cp38-cp38-manylinux_2_5_i686.manylinux1_i686.manylinux_2_17_i686.manylinux2014_i686.whl", hash = "sha256:189194204e22bb74285f0a721028d00c0d0a8b3908dc7a0510cf270f311b80b1"},
    {file = "bsdiff4-1.2.2-cp38-cp38-musllinux_1_1_aarch64.whl", hash = "sha256:7a08b7464c9f9d66a2acabd3a64b01b1afdf8f87f58f4b452ea05794ab641977"},
    {file = "bsdiff4-1.2.2-cp38-cp38-musllinux_1_1_i686.whl", hash = "sha256:ee26a98f407cb49aa30c5d7cb58624bb0e24aeece18c351fef8436a5e7cb55d3"},
    {file = "bsdiff4-1.2.2-cp38-cp38-musllinux_1_1_ppc64le.whl", hash = "sha256:09b6afb4c357de124958049031287d2875db515c73c8150fa3cdb47a3648d2a3"},
    {file = "bsdiff4-1.2.2-cp38-cp38-musllinux_1_1_s390x.whl", hash = "sha256:affbd5e1c5fa43c35472f687639c1430a8b9d40ecb38acd2e3764ea20971bf9d"},
    {file = "bsdiff4-1.2.2-cp38-cp38-musllinux_1_1_x86_64.whl", hash = "sha256:b59b6eee2bb5a36d62ed1c7f61167f0c73fd056af03dd2820b81aeb81ec4938e"},
    {file = "bsdiff4-1.2.2-cp38-cp38-win32.whl", hash = "sha256:c669093c40c395151e98c8ca8045cbada380ea3b48d5cd1361e5a11d816926ae"},
    {file = "bsdiff4-1.2.2-cp38-cp38-win_amd64.whl", hash = "sha256:67171a45d5c2e1d82d614ea9009930bb7c7b0be75456c1eebdfe404364182867"},
    {file = "bsdiff4-1.2.2-cp39-cp39-macosx_10_9_universal2.whl", hash = "sha256:3a569fca3806aba33e4492ad79f092af8709a4f83237dcf149963cc87a3a634e"},
    {file = "bsdiff4-1.2.2-cp39-cp39-macosx_10_9_x86_64.whl", hash = "sha256:1893543fc7124fd8fb863dc38842eb73e351e0f71384caa4caabf3e4b9ab7ac4"},
    {file = "bsdiff4-1.2.2-cp39-cp39-macosx_11_0_arm64.whl", hash = "sha256:9ea601f6b1115fb1cce28ccfc2c9c4dd71851af9c62d3f1bf013e3aa3952796d"},
    {file = "bsdiff4-1.2.2-cp39-cp39-manylinux_2_17_aarch64.manylinux2014_aarch64.whl", hash = "sha256:7300f27f3e10468ec88e31bb0cc388eab68053a026de23120de412634a022af7"},
    {file = "bsdiff4-1.2.2-cp39-cp39-manylinux_2_17_ppc64le.manylinux2014_ppc64le.whl", hash = "sha256:46ac5a32696132053847d69228329b0468e3715efe14eeea571c9ca86518ed2c"},
    {file = "bsdiff4-1.2.2-cp39-cp39-manylinux_2_17_s390x.manylinux2014_s390x.whl", hash = "sha256:88b38ce5642c494d5d523bd44cd212e788fe8fb314dfcc792c03804c4fce28e6"},
    {file = "bsdiff4-1.2.2-cp39-cp39-manylinux_2_17_x86_64.manylinux2014_x86_64.whl", hash = "sha256:b9f07d6d5bbf8bb82cfd3450253b274e50c6a6e99f7397213b7b4753326ee25a"},
    {file = "bsdiff4-1.2.2-cp39-cp39-manylinux_2_5_i686.manylinux1_i686.manylinux_2_17_i686.manylinux2014_i686.whl", hash = "sha256:54a69593ef5645971e4935cc875aef2ab1ef0426b5d931c4cc5baa4b1134b788"},
    {file = "bsdiff4-1.2.2-cp39-cp39-musllinux_1_1_aarch64.whl", hash = "sha256:72f610025ee3587db95d338020d37ea8c6948fbfae5881cc4b23ab1c1bddb333"},
    {file = "bsdiff4-1.2.2-cp39-cp39-musllinux_1_1_i686.whl", hash = "sha256:eb1b14fe89114534e2ddbf211c002bc780759467d636c990a2ca9ce6875ba09c"},
    {file = "bsdiff4-1.2.2-cp39-cp39-musllinux_1_1_ppc64le.whl", hash = "sha256:365758cd1e2e21717f0bcac80d259d1d3b71d0aa369e42507df618880ca9ba6c"},
    {file = "bsdiff4-1.2.2-cp39-cp39-musllinux_1_1_s390x.whl", hash = "sha256:74efafe2e95c8f3b997bc0b2f08abe8500bc8a0b4a93b41282c1cdb2539b1f3c"},
    {file = "bsdiff4-1.2.2-cp39-cp39-musllinux_1_1_x86_64.whl", hash = "sha256:c7a069c2ea62317f2a2211a20638616b269890c37a8a69de58fbad2a65aae86e"},
    {file = "bsdiff4-1.2.2-cp39-cp39-win32.whl", hash = "sha256:baee6cbc8b2398c4bbf036a31610dd3f106fa01e205a39eb67e8c9b70e4f0026"},
    {file = "bsdiff4-1.2.2-cp39-cp39-win_amd64.whl", hash = "sha256:fb727d87e884dd4abd74810c58288f639f62430ac375281495416f50eb86bc79"},
    {file = "bsdiff4-1.2.2-pp37-pypy37_pp73-macosx_10_9_x86_64.whl", hash = "sha256:688e3dee889690f6bdc9751052b1f96f3d2c53c35b40eb2f82bf2f6df5abb8fe"},
    {file = "bsdiff4-1.2.2-pp37-pypy37_pp73-manylinux_2_17_aarch64.manylinux2014_aarch64.whl", hash = "sha256:b7dadeaa5046341b0761732a51c04afb0af9d36678bf4485178aba1c1590cca8"},
    {file = "bsdiff4-1.2.2-pp37-pypy37_pp73-manylinux_2_17_x86_64.manylinux2014_x86_64.whl", hash = "sha256:c5870a6954b896b885d4049b50d23f10b97ea356710bbffb5e318ea2dec9ad10"},
    {file = "bsdiff4-1.2.2-pp37-pypy37_pp73-manylinux_2_5_i686.manylinux1_i686.manylinux_2_17_i686.manylinux2014_i686.whl", hash = "sha256:800b101b53752b2b11b90f4e6fbb33f8c0db9c84e3cd4882be0c651d2503f391"},
    {file = "bsdiff4-1.2.2-pp37-pypy37_pp73-win_amd64.whl", hash = "sha256:a719ec4c0b7c508628b5f40060520c706f62872e6919cefd170064ede4082cd9"},
    {file = "bsdiff4-1.2.2-pp38-pypy38_pp73-macosx_10_9_x86_64.whl", hash = "sha256:a502edb303b0e61198d8605092c8989923f93e0b2e3f9d4f9daa6ba3157ea299"},
    {file = "bsdiff4-1.2.2-pp38-pypy38_pp73-manylinux_2_17_aarch64.manylinux2014_aarch64.whl", hash = "sha256:bd977e0188dbb65c868ae0bff1f15e6b67b02800f723fad674eb566ceb1c8ae0"},
    {file = "bsdiff4-1.2.2-pp38-pypy38_pp73-manylinux_2_17_x86_64.manylinux2014_x86_64.whl", hash = "sha256:be030d498536c4a53d107bfec7bbdb67022773e4e41c0460a467bcc7eef09d62"},
    {file = "bsdiff4-1.2.2-pp38-pypy38_pp73-manylinux_2_5_i686.manylinux1_i686.manylinux_2_17_i686.manylinux2014_i686.whl", hash = "sha256:0ef5fb008c24f02dccd194aa3b047e8eadfe9e408db13aca09825eb5bf3c779f"},
    {file = "bsdiff4-1.2.2-pp38-pypy38_pp73-win_amd64.whl", hash = "sha256:1fb9aee541bee173acd8303c80a8d3c69d24a06c26e195b28ba270f21ce1d141"},
    {file = "bsdiff4-1.2.2.tar.gz", hash = "sha256:1880ac3f52a6c46ae6bcc6db117e4fb35f9b0ccd5af75fd4fee6907d00d6983c"},
]
certifi = [
    {file = "certifi-2021.10.8-py2.py3-none-any.whl", hash = "sha256:d62a0163eb4c2344ac042ab2bdf75399a71a2d8c7d47eac2e2ee91b9d6339569"},
    {file = "certifi-2021.10.8.tar.gz", hash = "sha256:78884e7c1d4b00ce3cea67b44566851c4343c120abd683433ce934a68ea58872"},
]
cffi = [
    {file = "cffi-1.15.0-cp27-cp27m-macosx_10_9_x86_64.whl", hash = "sha256:c2502a1a03b6312837279c8c1bd3ebedf6c12c4228ddbad40912d671ccc8a962"},
    {file = "cffi-1.15.0-cp27-cp27m-manylinux1_i686.whl", hash = "sha256:23cfe892bd5dd8941608f93348c0737e369e51c100d03718f108bf1add7bd6d0"},
    {file = "cffi-1.15.0-cp27-cp27m-manylinux1_x86_64.whl", hash = "sha256:41d45de54cd277a7878919867c0f08b0cf817605e4eb94093e7516505d3c8d14"},
    {file = "cffi-1.15.0-cp27-cp27m-win32.whl", hash = "sha256:4a306fa632e8f0928956a41fa8e1d6243c71e7eb59ffbd165fc0b41e316b2474"},
    {file = "cffi-1.15.0-cp27-cp27m-win_amd64.whl", hash = "sha256:e7022a66d9b55e93e1a845d8c9eba2a1bebd4966cd8bfc25d9cd07d515b33fa6"},
    {file = "cffi-1.15.0-cp27-cp27mu-manylinux1_i686.whl", hash = "sha256:14cd121ea63ecdae71efa69c15c5543a4b5fbcd0bbe2aad864baca0063cecf27"},
    {file = "cffi-1.15.0-cp27-cp27mu-manylinux1_x86_64.whl", hash = "sha256:d4d692a89c5cf08a8557fdeb329b82e7bf609aadfaed6c0d79f5a449a3c7c023"},
    {file = "cffi-1.15.0-cp310-cp310-macosx_10_9_x86_64.whl", hash = "sha256:0104fb5ae2391d46a4cb082abdd5c69ea4eab79d8d44eaaf79f1b1fd806ee4c2"},
    {file = "cffi-1.15.0-cp310-cp310-macosx_11_0_arm64.whl", hash = "sha256:91ec59c33514b7c7559a6acda53bbfe1b283949c34fe7440bcf917f96ac0723e"},
    {file = "cffi-1.15.0-cp310-cp310-manylinux_2_12_i686.manylinux2010_i686.whl", hash = "sha256:f5c7150ad32ba43a07c4479f40241756145a1f03b43480e058cfd862bf5041c7"},
    {file = "cffi-1.15.0-cp310-cp310-manylinux_2_12_x86_64.manylinux2010_x86_64.whl", hash = "sha256:00c878c90cb53ccfaae6b8bc18ad05d2036553e6d9d1d9dbcf323bbe83854ca3"},
    {file = "cffi-1.15.0-cp310-cp310-manylinux_2_17_aarch64.manylinux2014_aarch64.whl", hash = "sha256:abb9a20a72ac4e0fdb50dae135ba5e77880518e742077ced47eb1499e29a443c"},
    {file = "cffi-1.15.0-cp310-cp310-manylinux_2_17_ppc64le.manylinux2014_ppc64le.whl", hash = "sha256:a5263e363c27b653a90078143adb3d076c1a748ec9ecc78ea2fb916f9b861962"},
    {file = "cffi-1.15.0-cp310-cp310-manylinux_2_17_s390x.manylinux2014_s390x.whl", hash = "sha256:f54a64f8b0c8ff0b64d18aa76675262e1700f3995182267998c31ae974fbc382"},
    {file = "cffi-1.15.0-cp310-cp310-win32.whl", hash = "sha256:c21c9e3896c23007803a875460fb786118f0cdd4434359577ea25eb556e34c55"},
    {file = "cffi-1.15.0-cp310-cp310-win_amd64.whl", hash = "sha256:5e069f72d497312b24fcc02073d70cb989045d1c91cbd53979366077959933e0"},
    {file = "cffi-1.15.0-cp36-cp36m-macosx_10_9_x86_64.whl", hash = "sha256:64d4ec9f448dfe041705426000cc13e34e6e5bb13736e9fd62e34a0b0c41566e"},
    {file = "cffi-1.15.0-cp36-cp36m-manylinux_2_17_aarch64.manylinux2014_aarch64.whl", hash = "sha256:2756c88cbb94231c7a147402476be2c4df2f6078099a6f4a480d239a8817ae39"},
    {file = "cffi-1.15.0-cp36-cp36m-manylinux_2_17_ppc64le.manylinux2014_ppc64le.whl", hash = "sha256:3b96a311ac60a3f6be21d2572e46ce67f09abcf4d09344c49274eb9e0bf345fc"},
    {file = "cffi-1.15.0-cp36-cp36m-manylinux_2_17_s390x.manylinux2014_s390x.whl", hash = "sha256:75e4024375654472cc27e91cbe9eaa08567f7fbdf822638be2814ce059f58032"},
    {file = "cffi-1.15.0-cp36-cp36m-manylinux_2_5_i686.manylinux1_i686.whl", hash = "sha256:59888172256cac5629e60e72e86598027aca6bf01fa2465bdb676d37636573e8"},
    {file = "cffi-1.15.0-cp36-cp36m-manylinux_2_5_x86_64.manylinux1_x86_64.whl", hash = "sha256:27c219baf94952ae9d50ec19651a687b826792055353d07648a5695413e0c605"},
    {file = "cffi-1.15.0-cp36-cp36m-win32.whl", hash = "sha256:4958391dbd6249d7ad855b9ca88fae690783a6be9e86df65865058ed81fc860e"},
    {file = "cffi-1.15.0-cp36-cp36m-win_amd64.whl", hash = "sha256:f6f824dc3bce0edab5f427efcfb1d63ee75b6fcb7282900ccaf925be84efb0fc"},
    {file = "cffi-1.15.0-cp37-cp37m-macosx_10_9_x86_64.whl", hash = "sha256:06c48159c1abed75c2e721b1715c379fa3200c7784271b3c46df01383b593636"},
    {file = "cffi-1.15.0-cp37-cp37m-manylinux_2_12_i686.manylinux2010_i686.whl", hash = "sha256:c2051981a968d7de9dd2d7b87bcb9c939c74a34626a6e2f8181455dd49ed69e4"},
    {file = "cffi-1.15.0-cp37-cp37m-manylinux_2_12_x86_64.manylinux2010_x86_64.whl", hash = "sha256:fd8a250edc26254fe5b33be00402e6d287f562b6a5b2152dec302fa15bb3e997"},
    {file = "cffi-1.15.0-cp37-cp37m-manylinux_2_17_aarch64.manylinux2014_aarch64.whl", hash = "sha256:91d77d2a782be4274da750752bb1650a97bfd8f291022b379bb8e01c66b4e96b"},
    {file = "cffi-1.15.0-cp37-cp37m-manylinux_2_17_ppc64le.manylinux2014_ppc64le.whl", hash = "sha256:45db3a33139e9c8f7c09234b5784a5e33d31fd6907800b316decad50af323ff2"},
    {file = "cffi-1.15.0-cp37-cp37m-manylinux_2_17_s390x.manylinux2014_s390x.whl", hash = "sha256:263cc3d821c4ab2213cbe8cd8b355a7f72a8324577dc865ef98487c1aeee2bc7"},
    {file = "cffi-1.15.0-cp37-cp37m-win32.whl", hash = "sha256:17771976e82e9f94976180f76468546834d22a7cc404b17c22df2a2c81db0c66"},
    {file = "cffi-1.15.0-cp37-cp37m-win_amd64.whl", hash = "sha256:3415c89f9204ee60cd09b235810be700e993e343a408693e80ce7f6a40108029"},
    {file = "cffi-1.15.0-cp38-cp38-macosx_10_9_x86_64.whl", hash = "sha256:4238e6dab5d6a8ba812de994bbb0a79bddbdf80994e4ce802b6f6f3142fcc880"},
    {file = "cffi-1.15.0-cp38-cp38-manylinux_2_12_i686.manylinux2010_i686.whl", hash = "sha256:0808014eb713677ec1292301ea4c81ad277b6cdf2fdd90fd540af98c0b101d20"},
    {file = "cffi-1.15.0-cp38-cp38-manylinux_2_12_x86_64.manylinux2010_x86_64.whl", hash = "sha256:57e9ac9ccc3101fac9d6014fba037473e4358ef4e89f8e181f8951a2c0162024"},
    {file = "cffi-1.15.0-cp38-cp38-manylinux_2_17_aarch64.manylinux2014_aarch64.whl", hash = "sha256:8b6c2ea03845c9f501ed1313e78de148cd3f6cad741a75d43a29b43da27f2e1e"},
    {file = "cffi-1.15.0-cp38-cp38-manylinux_2_17_ppc64le.manylinux2014_ppc64le.whl", hash = "sha256:10dffb601ccfb65262a27233ac273d552ddc4d8ae1bf93b21c94b8511bffe728"},
    {file = "cffi-1.15.0-cp38-cp38-manylinux_2_17_s390x.manylinux2014_s390x.whl", hash = "sha256:786902fb9ba7433aae840e0ed609f45c7bcd4e225ebb9c753aa39725bb3e6ad6"},
    {file = "cffi-1.15.0-cp38-cp38-win32.whl", hash = "sha256:da5db4e883f1ce37f55c667e5c0de439df76ac4cb55964655906306918e7363c"},
    {file = "cffi-1.15.0-cp38-cp38-win_amd64.whl", hash = "sha256:181dee03b1170ff1969489acf1c26533710231c58f95534e3edac87fff06c443"},
    {file = "cffi-1.15.0-cp39-cp39-macosx_10_9_x86_64.whl", hash = "sha256:45e8636704eacc432a206ac7345a5d3d2c62d95a507ec70d62f23cd91770482a"},
    {file = "cffi-1.15.0-cp39-cp39-macosx_11_0_arm64.whl", hash = "sha256:31fb708d9d7c3f49a60f04cf5b119aeefe5644daba1cd2a0fe389b674fd1de37"},
    {file = "cffi-1.15.0-cp39-cp39-manylinux_2_12_i686.manylinux2010_i686.whl", hash = "sha256:6dc2737a3674b3e344847c8686cf29e500584ccad76204efea14f451d4cc669a"},
    {file = "cffi-1.15.0-cp39-cp39-manylinux_2_12_x86_64.manylinux2010_x86_64.whl", hash = "sha256:74fdfdbfdc48d3f47148976f49fab3251e550a8720bebc99bf1483f5bfb5db3e"},
    {file = "cffi-1.15.0-cp39-cp39-manylinux_2_17_aarch64.manylinux2014_aarch64.whl", hash = "sha256:ffaa5c925128e29efbde7301d8ecaf35c8c60ffbcd6a1ffd3a552177c8e5e796"},
    {file = "cffi-1.15.0-cp39-cp39-manylinux_2_17_ppc64le.manylinux2014_ppc64le.whl", hash = "sha256:3f7d084648d77af029acb79a0ff49a0ad7e9d09057a9bf46596dac9514dc07df"},
    {file = "cffi-1.15.0-cp39-cp39-manylinux_2_17_s390x.manylinux2014_s390x.whl", hash = "sha256:ef1f279350da2c586a69d32fc8733092fd32cc8ac95139a00377841f59a3f8d8"},
    {file = "cffi-1.15.0-cp39-cp39-win32.whl", hash = "sha256:2a23af14f408d53d5e6cd4e3d9a24ff9e05906ad574822a10563efcef137979a"},
    {file = "cffi-1.15.0-cp39-cp39-win_amd64.whl", hash = "sha256:3773c4d81e6e818df2efbc7dd77325ca0dcb688116050fb2b3011218eda36139"},
    {file = "cffi-1.15.0.tar.gz", hash = "sha256:920f0d66a896c2d99f0adbb391f990a84091179542c205fa53ce5787aff87954"},
]
chardet = [
    {file = "chardet-4.0.0-py2.py3-none-any.whl", hash = "sha256:f864054d66fd9118f2e67044ac8981a54775ec5b67aed0441892edb553d21da5"},
    {file = "chardet-4.0.0.tar.gz", hash = "sha256:0d6f53a15db4120f2b08c94f11e7d93d2c911ee118b6b30a04ec3ee8310179fa"},
]
deprecated = [
    {file = "Deprecated-1.2.13-py2.py3-none-any.whl", hash = "sha256:64756e3e14c8c5eea9795d93c524551432a0be75629f8f29e67ab8caf076c76d"},
    {file = "Deprecated-1.2.13.tar.gz", hash = "sha256:43ac5335da90c31c24ba028af536a91d41d53f9e6901ddb021bcc572ce44e38d"},
]
dis3 = [
    {file = "dis3-0.1.3-py2-none-any.whl", hash = "sha256:61f7720dd0d8749d23fda3d7227ce74d73da11c2fade993a67ab2f9852451b14"},
    {file = "dis3-0.1.3-py3-none-any.whl", hash = "sha256:30b6412d33d738663e8ded781b138f4b01116437f0872aa56aa3adba6aeff218"},
    {file = "dis3-0.1.3.tar.gz", hash = "sha256:9259b881fc1df02ed12ac25f82d4a85b44241854330b1a651e40e0c675cb2d1e"},
]
dsdev-utils = [
    {file = "dsdev-utils-1.3.0.tar.gz", hash = "sha256:35391846ff05ae50065618404b4fe097adfbbbcde6a179dd6962dbb89d783c82"},
]
importlib-metadata = [
    {file = "importlib_metadata-4.8.3-py3-none-any.whl", hash = "sha256:65a9576a5b2d58ca44d133c42a241905cc45e34d2c06fd5ba2bafa221e5d7b5e"},
    {file = "importlib_metadata-4.8.3.tar.gz", hash = "sha256:766abffff765960fcc18003801f7044eb6755ffae4521c8e8ce8e83b9c9b0668"},
]
macholib = [
    {file = "macholib-1.15.2-py2.py3-none-any.whl", hash = "sha256:885613dd02d3e26dbd2b541eb4cc4ce611b841f827c0958ab98656e478b9e6f6"},
    {file = "macholib-1.15.2.tar.gz", hash = "sha256:1542c41da3600509f91c165cb897e7e54c0e74008bd8da5da7ebbee519d593d2"},
]
packaging = [
    {file = "packaging-21.3-py3-none-any.whl", hash = "sha256:ef103e05f519cdc783ae24ea4e2e0f508a9c99b2d4969652eed6a2e1ea5bd522"},
    {file = "packaging-21.3.tar.gz", hash = "sha256:dd47c42927d89ab911e606518907cc2d3a1f38bbd026385970643f9c5b8ecfeb"},
]
pastel = [
    {file = "pastel-0.2.1-py2.py3-none-any.whl", hash = "sha256:4349225fcdf6c2bb34d483e523475de5bb04a5c10ef711263452cb37d7dd4364"},
    {file = "pastel-0.2.1.tar.gz", hash = "sha256:e6581ac04e973cac858828c6202c1e1e81fee1dc7de7683f3e1ffe0bfd8a573d"},
]
pbr = [
    {file = "pbr-5.8.1-py2.py3-none-any.whl", hash = "sha256:27108648368782d07bbf1cb468ad2e2eeef29086affd14087a6d04b7de8af4ec"},
    {file = "pbr-5.8.1.tar.gz", hash = "sha256:66bc5a34912f408bb3925bf21231cb6f59206267b7f63f3503ef865c1a292e25"},
]
poethepoet = [
    {file = "poethepoet-0.10.0-py3-none-any.whl", hash = "sha256:6fb3021603d4421c6fcc40072bbcf150a6c52ef70ff4d3be089b8b04e015ef5a"},
    {file = "poethepoet-0.10.0.tar.gz", hash = "sha256:70b97cb194b978dc464c70793e85e6f746cddf82b84a38bfb135946ad71ae19c"},
]
pycparser = [
    {file = "pycparser-2.21-py2.py3-none-any.whl", hash = "sha256:8ee45429555515e1f6b185e78100aea234072576aa43ab53aefcae078162fca9"},
    {file = "pycparser-2.21.tar.gz", hash = "sha256:e644fdec12f7872f86c58ff790da456218b10f863970249516d60a5eaca77206"},
]
pyinstaller = [
    {file = "PyInstaller-3.6.tar.gz", hash = "sha256:3730fa80d088f8bb7084d32480eb87cbb4ddb64123363763cf8f2a1378c1c4b7"},
]
pynacl = [
    {file = "PyNaCl-1.5.0-cp36-abi3-macosx_10_10_universal2.whl", hash = "sha256:401002a4aaa07c9414132aaed7f6836ff98f59277a234704ff66878c2ee4a0d1"},
    {file = "PyNaCl-1.5.0-cp36-abi3-manylinux_2_17_aarch64.manylinux2014_aarch64.manylinux_2_24_aarch64.whl", hash = "sha256:52cb72a79269189d4e0dc537556f4740f7f0a9ec41c1322598799b0bdad4ef92"},
    {file = "PyNaCl-1.5.0-cp36-abi3-manylinux_2_17_aarch64.manylinux2014_aarch64.whl", hash = "sha256:a36d4a9dda1f19ce6e03c9a784a2921a4b726b02e1c736600ca9c22029474394"},
    {file = "PyNaCl-1.5.0-cp36-abi3-manylinux_2_17_x86_64.manylinux2014_x86_64.manylinux_2_24_x86_64.whl", hash = "sha256:0c84947a22519e013607c9be43706dd42513f9e6ae5d39d3613ca1e142fba44d"},
    {file = "PyNaCl-1.5.0-cp36-abi3-manylinux_2_17_x86_64.manylinux2014_x86_64.whl", hash = "sha256:06b8f6fa7f5de8d5d2f7573fe8c863c051225a27b61e6860fd047b1775807858"},
    {file = "PyNaCl-1.5.0-cp36-abi3-musllinux_1_1_aarch64.whl", hash = "sha256:a422368fc821589c228f4c49438a368831cb5bbc0eab5ebe1d7fac9dded6567b"},
    {file = "PyNaCl-1.5.0-cp36-abi3-musllinux_1_1_x86_64.whl", hash = "sha256:61f642bf2378713e2c2e1de73444a3778e5f0a38be6fee0fe532fe30060282ff"},
    {file = "PyNaCl-1.5.0-cp36-abi3-win32.whl", hash = "sha256:e46dae94e34b085175f8abb3b0aaa7da40767865ac82c928eeb9e57e1ea8a543"},
    {file = "PyNaCl-1.5.0-cp36-abi3-win_amd64.whl", hash = "sha256:20f42270d27e1b6a29f54032090b972d97f0a1b0948cc52392041ef7831fee93"},
    {file = "PyNaCl-1.5.0.tar.gz", hash = "sha256:8ac7448f09ab85811607bdd21ec2464495ac8b7c66d146bf545b0f08fb9220ba"},
]
pyparsing = [
    {file = "pyparsing-3.0.7-py3-none-any.whl", hash = "sha256:a6c06a88f252e6c322f65faf8f418b16213b51bdfaece0524c1c1bc30c63c484"},
    {file = "pyparsing-3.0.7.tar.gz", hash = "sha256:18ee9022775d270c55187733956460083db60b37d0d0fb357445f3094eed3eea"},
]
pyupdater = [
    {file = "PyUpdater-4.0.tar.gz", hash = "sha256:fd92835eef1a47eface6ff68a48e3d496845f4f43ed431b6077d98cf2783ef65"},
]
stevedore = [
    {file = "stevedore-3.5.0-py3-none-any.whl", hash = "sha256:a547de73308fd7e90075bb4d301405bebf705292fa90a90fc3bcf9133f58616c"},
    {file = "stevedore-3.5.0.tar.gz", hash = "sha256:f40253887d8712eaa2bb0ea3830374416736dc8ec0e22f5a65092c1174c44335"},
]
tomlkit = [
    {file = "tomlkit-0.10.0-py3-none-any.whl", hash = "sha256:cac4aeaff42f18fef6e07831c2c2689a51df76cf2ede07a6a4fa5fcb83558870"},
    {file = "tomlkit-0.10.0.tar.gz", hash = "sha256:d99946c6aed3387c98b89d91fb9edff8f901bf9255901081266a84fb5604adcd"},
]
typing-extensions = [
    {file = "typing_extensions-4.1.1-py3-none-any.whl", hash = "sha256:21c85e0fe4b9a155d0799430b0ad741cdce7e359660ccbd8b530613e8df88ce2"},
    {file = "typing_extensions-4.1.1.tar.gz", hash = "sha256:1a9462dcc3347a79b1f1c0271fbe79e844580bb598bafa1ed208b94da3cdcd42"},
]
urllib3 = [
    {file = "urllib3-1.26.8-py2.py3-none-any.whl", hash = "sha256:000ca7f471a233c2251c6c7023ee85305721bfdf18621ebff4fd17a8653427ed"},
    {file = "urllib3-1.26.8.tar.gz", hash = "sha256:0e7c33d9a63e7ddfcb86780aac87befc2fbddf46c58dbb487e0855f7ceec283c"},
]
wrapt = [
    {file = "wrapt-1.14.0-cp27-cp27m-macosx_10_9_x86_64.whl", hash = "sha256:5a9a1889cc01ed2ed5f34574c90745fab1dd06ec2eee663e8ebeefe363e8efd7"},
    {file = "wrapt-1.14.0-cp27-cp27m-manylinux1_i686.whl", hash = "sha256:9a3ff5fb015f6feb78340143584d9f8a0b91b6293d6b5cf4295b3e95d179b88c"},
    {file = "wrapt-1.14.0-cp27-cp27m-manylinux1_x86_64.whl", hash = "sha256:4b847029e2d5e11fd536c9ac3136ddc3f54bc9488a75ef7d040a3900406a91eb"},
    {file = "wrapt-1.14.0-cp27-cp27m-manylinux2010_i686.whl", hash = "sha256:9a5a544861b21e0e7575b6023adebe7a8c6321127bb1d238eb40d99803a0e8bd"},
    {file = "wrapt-1.14.0-cp27-cp27m-manylinux2010_x86_64.whl", hash = "sha256:88236b90dda77f0394f878324cfbae05ae6fde8a84d548cfe73a75278d760291"},
    {file = "wrapt-1.14.0-cp27-cp27mu-manylinux1_i686.whl", hash = "sha256:f0408e2dbad9e82b4c960274214af533f856a199c9274bd4aff55d4634dedc33"},
    {file = "wrapt-1.14.0-cp27-cp27mu-manylinux1_x86_64.whl", hash = "sha256:9d8c68c4145041b4eeae96239802cfdfd9ef927754a5be3f50505f09f309d8c6"},
    {file = "wrapt-1.14.0-cp27-cp27mu-manylinux2010_i686.whl", hash = "sha256:22626dca56fd7f55a0733e604f1027277eb0f4f3d95ff28f15d27ac25a45f71b"},
    {file = "wrapt-1.14.0-cp27-cp27mu-manylinux2010_x86_64.whl", hash = "sha256:65bf3eb34721bf18b5a021a1ad7aa05947a1767d1aa272b725728014475ea7d5"},
    {file = "wrapt-1.14.0-cp310-cp310-macosx_10_9_x86_64.whl", hash = "sha256:09d16ae7a13cff43660155383a2372b4aa09109c7127aa3f24c3cf99b891c330"},
    {file = "wrapt-1.14.0-cp310-cp310-macosx_11_0_arm64.whl", hash = "sha256:debaf04f813ada978d7d16c7dfa16f3c9c2ec9adf4656efdc4defdf841fc2f0c"},
    {file = "wrapt-1.14.0-cp310-cp310-manylinux_2_17_aarch64.manylinux2014_aarch64.whl", hash = "sha256:748df39ed634851350efa87690c2237a678ed794fe9ede3f0d79f071ee042561"},
    {file = "wrapt-1.14.0-cp310-cp310-manylinux_2_5_i686.manylinux1_i686.manylinux_2_17_i686.manylinux2014_i686.whl", hash = "sha256:1807054aa7b61ad8d8103b3b30c9764de2e9d0c0978e9d3fc337e4e74bf25faa"},
    {file = "wrapt-1.14.0-cp310-cp310-manylinux_2_5_x86_64.manylinux1_x86_64.manylinux_2_17_x86_64.manylinux2014_x86_64.whl", hash = "sha256:763a73ab377390e2af26042f685a26787c402390f682443727b847e9496e4a2a"},
    {file = "wrapt-1.14.0-cp310-cp310-musllinux_1_1_aarch64.whl", hash = "sha256:8529b07b49b2d89d6917cfa157d3ea1dfb4d319d51e23030664a827fe5fd2131"},
    {file = "wrapt-1.14.0-cp310-cp310-musllinux_1_1_i686.whl", hash = "sha256:68aeefac31c1f73949662ba8affaf9950b9938b712fb9d428fa2a07e40ee57f8"},
    {file = "wrapt-1.14.0-cp310-cp310-musllinux_1_1_x86_64.whl", hash = "sha256:59d7d92cee84a547d91267f0fea381c363121d70fe90b12cd88241bd9b0e1763"},
    {file = "wrapt-1.14.0-cp310-cp310-win32.whl", hash = "sha256:3a88254881e8a8c4784ecc9cb2249ff757fd94b911d5df9a5984961b96113fff"},
    {file = "wrapt-1.14.0-cp310-cp310-win_amd64.whl", hash = "sha256:9a242871b3d8eecc56d350e5e03ea1854de47b17f040446da0e47dc3e0b9ad4d"},
    {file = "wrapt-1.14.0-cp35-cp35m-manylinux1_i686.whl", hash = "sha256:a65bffd24409454b889af33b6c49d0d9bcd1a219b972fba975ac935f17bdf627"},
    {file = "wrapt-1.14.0-cp35-cp35m-manylinux1_x86_64.whl", hash = "sha256:9d9fcd06c952efa4b6b95f3d788a819b7f33d11bea377be6b8980c95e7d10775"},
    {file = "wrapt-1.14.0-cp35-cp35m-manylinux2010_i686.whl", hash = "sha256:db6a0ddc1282ceb9032e41853e659c9b638789be38e5b8ad7498caac00231c23"},
    {file = "wrapt-1.14.0-cp35-cp35m-manylinux2010_x86_64.whl", hash = "sha256:14e7e2c5f5fca67e9a6d5f753d21f138398cad2b1159913ec9e9a67745f09ba3"},
    {file = "wrapt-1.14.0-cp35-cp35m-win32.whl", hash = "sha256:6d9810d4f697d58fd66039ab959e6d37e63ab377008ef1d63904df25956c7db0"},
    {file = "wrapt-1.14.0-cp35-cp35m-win_amd64.whl", hash = "sha256:d808a5a5411982a09fef6b49aac62986274ab050e9d3e9817ad65b2791ed1425"},
    {file = "wrapt-1.14.0-cp36-cp36m-macosx_10_9_x86_64.whl", hash = "sha256:b77159d9862374da213f741af0c361720200ab7ad21b9f12556e0eb95912cd48"},
    {file = "wrapt-1.14.0-cp36-cp36m-manylinux_2_17_aarch64.manylinux2014_aarch64.whl", hash = "sha256:36a76a7527df8583112b24adc01748cd51a2d14e905b337a6fefa8b96fc708fb"},
    {file = "wrapt-1.14.0-cp36-cp36m-manylinux_2_5_i686.manylinux1_i686.manylinux_2_17_i686.manylinux2014_i686.whl", hash = "sha256:a0057b5435a65b933cbf5d859cd4956624df37b8bf0917c71756e4b3d9958b9e"},
    {file = "wrapt-1.14.0-cp36-cp36m-manylinux_2_5_x86_64.manylinux1_x86_64.manylinux_2_17_x86_64.manylinux2014_x86_64.whl", hash = "sha256:3a0a4ca02752ced5f37498827e49c414d694ad7cf451ee850e3ff160f2bee9d3"},
    {file = "wrapt-1.14.0-cp36-cp36m-musllinux_1_1_aarch64.whl", hash = "sha256:8c6be72eac3c14baa473620e04f74186c5d8f45d80f8f2b4eda6e1d18af808e8"},
    {file = "wrapt-1.14.0-cp36-cp36m-musllinux_1_1_i686.whl", hash = "sha256:21b1106bff6ece8cb203ef45b4f5778d7226c941c83aaaa1e1f0f4f32cc148cd"},
    {file = "wrapt-1.14.0-cp36-cp36m-musllinux_1_1_x86_64.whl", hash = "sha256:493da1f8b1bb8a623c16552fb4a1e164c0200447eb83d3f68b44315ead3f9036"},
    {file = "wrapt-1.14.0-cp36-cp36m-win32.whl", hash = "sha256:89ba3d548ee1e6291a20f3c7380c92f71e358ce8b9e48161401e087e0bc740f8"},
    {file = "wrapt-1.14.0-cp36-cp36m-win_amd64.whl", hash = "sha256:729d5e96566f44fccac6c4447ec2332636b4fe273f03da128fff8d5559782b06"},
    {file = "wrapt-1.14.0-cp37-cp37m-macosx_10_9_x86_64.whl", hash = "sha256:891c353e95bb11abb548ca95c8b98050f3620a7378332eb90d6acdef35b401d4"},
    {file = "wrapt-1.14.0-cp37-cp37m-manylinux_2_17_aarch64.manylinux2014_aarch64.whl", hash = "sha256:23f96134a3aa24cc50614920cc087e22f87439053d886e474638c68c8d15dc80"},
    {file = "wrapt-1.14.0-cp37-cp37m-manylinux_2_5_i686.manylinux1_i686.manylinux_2_17_i686.manylinux2014_i686.whl", hash = "sha256:6807bcee549a8cb2f38f73f469703a1d8d5d990815c3004f21ddb68a567385ce"},
    {file = "wrapt-1.14.0-cp37-cp37m-manylinux_2_5_x86_64.manylinux1_x86_64.manylinux_2_17_x86_64.manylinux2014_x86_64.whl", hash = "sha256:6915682f9a9bc4cf2908e83caf5895a685da1fbd20b6d485dafb8e218a338279"},
    {file = "wrapt-1.14.0-cp37-cp37m-musllinux_1_1_aarch64.whl", hash = "sha256:f2f3bc7cd9c9fcd39143f11342eb5963317bd54ecc98e3650ca22704b69d9653"},
    {file = "wrapt-1.14.0-cp37-cp37m-musllinux_1_1_i686.whl", hash = "sha256:3a71dbd792cc7a3d772ef8cd08d3048593f13d6f40a11f3427c000cf0a5b36a0"},
    {file = "wrapt-1.14.0-cp37-cp37m-musllinux_1_1_x86_64.whl", hash = "sha256:5a0898a640559dec00f3614ffb11d97a2666ee9a2a6bad1259c9facd01a1d4d9"},
    {file = "wrapt-1.14.0-cp37-cp37m-win32.whl", hash = "sha256:167e4793dc987f77fd476862d32fa404d42b71f6a85d3b38cbce711dba5e6b68"},
    {file = "wrapt-1.14.0-cp37-cp37m-win_amd64.whl", hash = "sha256:d066ffc5ed0be00cd0352c95800a519cf9e4b5dd34a028d301bdc7177c72daf3"},
    {file = "wrapt-1.14.0-cp38-cp38-macosx_10_9_x86_64.whl", hash = "sha256:d9bdfa74d369256e4218000a629978590fd7cb6cf6893251dad13d051090436d"},
    {file = "wrapt-1.14.0-cp38-cp38-macosx_11_0_arm64.whl", hash = "sha256:2498762814dd7dd2a1d0248eda2afbc3dd9c11537bc8200a4b21789b6df6cd38"},
    {file = "wrapt-1.14.0-cp38-cp38-manylinux_2_17_aarch64.manylinux2014_aarch64.whl", hash = "sha256:5f24ca7953f2643d59a9c87d6e272d8adddd4a53bb62b9208f36db408d7aafc7"},
    {file = "wrapt-1.14.0-cp38-cp38-manylinux_2_5_i686.manylinux1_i686.manylinux_2_17_i686.manylinux2014_i686.whl", hash = "sha256:5b835b86bd5a1bdbe257d610eecab07bf685b1af2a7563093e0e69180c1d4af1"},
    {file = "wrapt-1.14.0-cp38-cp38-manylinux_2_5_x86_64.manylinux1_x86_64.manylinux_2_17_x86_64.manylinux2014_x86_64.whl", hash = "sha256:b21650fa6907e523869e0396c5bd591cc326e5c1dd594dcdccac089561cacfb8"},
    {file = "wrapt-1.14.0-cp38-cp38-musllinux_1_1_aarch64.whl", hash = "sha256:354d9fc6b1e44750e2a67b4b108841f5f5ea08853453ecbf44c81fdc2e0d50bd"},
    {file = "wrapt-1.14.0-cp38-cp38-musllinux_1_1_i686.whl", hash = "sha256:1f83e9c21cd5275991076b2ba1cd35418af3504667affb4745b48937e214bafe"},
    {file = "wrapt-1.14.0-cp38-cp38-musllinux_1_1_x86_64.whl", hash = "sha256:61e1a064906ccba038aa3c4a5a82f6199749efbbb3cef0804ae5c37f550eded0"},
    {file = "wrapt-1.14.0-cp38-cp38-win32.whl", hash = "sha256:28c659878f684365d53cf59dc9a1929ea2eecd7ac65da762be8b1ba193f7e84f"},
    {file = "wrapt-1.14.0-cp38-cp38-win_amd64.whl", hash = "sha256:b0ed6ad6c9640671689c2dbe6244680fe8b897c08fd1fab2228429b66c518e5e"},
    {file = "wrapt-1.14.0-cp39-cp39-macosx_10_9_x86_64.whl", hash = "sha256:b3f7e671fb19734c872566e57ce7fc235fa953d7c181bb4ef138e17d607dc8a1"},
    {file = "wrapt-1.14.0-cp39-cp39-macosx_11_0_arm64.whl", hash = "sha256:87fa943e8bbe40c8c1ba4086971a6fefbf75e9991217c55ed1bcb2f1985bd3d4"},
    {file = "wrapt-1.14.0-cp39-cp39-manylinux_2_17_aarch64.manylinux2014_aarch64.whl", hash = "sha256:4775a574e9d84e0212f5b18886cace049a42e13e12009bb0491562a48bb2b758"},
    {file = "wrapt-1.14.0-cp39-cp39-manylinux_2_5_i686.manylinux1_i686.manylinux_2_17_i686.manylinux2014_i686.whl", hash = "sha256:9d57677238a0c5411c76097b8b93bdebb02eb845814c90f0b01727527a179e4d"},
    {file = "wrapt-1.14.0-cp39-cp39-manylinux_2_5_x86_64.manylinux1_x86_64.manylinux_2_17_x86_64.manylinux2014_x86_64.whl", hash = "sha256:00108411e0f34c52ce16f81f1d308a571df7784932cc7491d1e94be2ee93374b"},
    {file = "wrapt-1.14.0-cp39-cp39-musllinux_1_1_aarch64.whl", hash = "sha256:d332eecf307fca852d02b63f35a7872de32d5ba8b4ec32da82f45df986b39ff6"},
    {file = "wrapt-1.14.0-cp39-cp39-musllinux_1_1_i686.whl", hash = "sha256:01f799def9b96a8ec1ef6b9c1bbaf2bbc859b87545efbecc4a78faea13d0e3a0"},
    {file = "wrapt-1.14.0-cp39-cp39-musllinux_1_1_x86_64.whl", hash = "sha256:47045ed35481e857918ae78b54891fac0c1d197f22c95778e66302668309336c"},
    {file = "wrapt-1.14.0-cp39-cp39-win32.whl", hash = "sha256:2eca15d6b947cfff51ed76b2d60fd172c6ecd418ddab1c5126032d27f74bc350"},
    {file = "wrapt-1.14.0-cp39-cp39-win_amd64.whl", hash = "sha256:bb36fbb48b22985d13a6b496ea5fb9bb2a076fea943831643836c9f6febbcfdc"},
    {file = "wrapt-1.14.0.tar.gz", hash = "sha256:8323a43bd9c91f62bb7d4be74cc9ff10090e7ef820e27bfe8815c57e68261311"},
]
zipp = [
    {file = "zipp-3.6.0-py3-none-any.whl", hash = "sha256:9fe5ea21568a0a70e50f273397638d39b03353731e6cbbb3fd8502a33fec40bc"},
    {file = "zipp-3.6.0.tar.gz", hash = "sha256:71c644c5369f4a6e07636f0aa966270449561fcea2e3d6747b8d23efaa9d7832"},
]
